
Microsoft Visual Studio Solution File, Format Version 12.00
# Visual Studio Version 17
VisualStudioVersion = 17.2.32616.157
MinimumVisualStudioVersion = 10.0.40219.1
Project("{9A19103F-16F7-4668-BE54-9A1E7A4F7556}") = "ksqlDb.RestApi.Client", "ksqlDb.RestApi.Client\ksqlDb.RestApi.Client.csproj", "{84C054D6-BAA2-44BE-AD3B-2FB2805E4305}"
EndProject
Project("{2150E333-8FDC-42A3-9474-1A3956D46DE8}") = "Tests", "Tests", "{08E77D02-0DE4-49A5-ACAB-B6DF7E56D405}"
EndProject
Project("{9A19103F-16F7-4668-BE54-9A1E7A4F7556}") = "UnitTests", "Tests\UnitTests\UnitTests.csproj", "{ED404C96-CAAA-4CAC-ACDE-F3E0D48FB2E3}"
EndProject
Project("{2150E333-8FDC-42A3-9474-1A3956D46DE8}") = "Samples", "Samples", "{AA5681E8-1682-47E9-9159-4AE95A92E694}"
EndProject
Project("{9A19103F-16F7-4668-BE54-9A1E7A4F7556}") = "ksqlDB.Api.Client.Tests", "Tests\ksqlDB.RestApi.Client.Tests\ksqlDB.Api.Client.Tests.csproj", "{1B81259E-59F0-48E1-ACD3-A3DCFCCC5B3E}"
EndProject
Project("{9A19103F-16F7-4668-BE54-9A1E7A4F7556}") = "ksqlDB.Api.Client.IntegrationTests", "Tests\ksqlDB.RestApi.Client.IntegrationTests\ksqlDB.Api.Client.IntegrationTests.csproj", "{EE55516C-160D-4715-ADC6-3E76DE3D89E9}"
EndProject
Project("{9A19103F-16F7-4668-BE54-9A1E7A4F7556}") = "ksqlDB.Api.Client.Samples", "Samples\ksqlDB.RestApi.Client.Sample\ksqlDB.Api.Client.Samples.csproj", "{9AD222F8-4535-4297-A4F8-9F40FFA8A133}"
EndProject
Project("{2150E333-8FDC-42A3-9474-1A3956D46DE8}") = "SolutionItems", "SolutionItems", "{999C8EEC-CCFA-4183-805A-1804367D8F75}"
	ProjectSection(SolutionItems) = preProject
		.editorconfig = .editorconfig
		.gitignore = .gitignore
		Directory.Build.props = Directory.Build.props
		Directory.Packages.props = Directory.Packages.props
		README.md = README.md
	EndProjectSection
EndProject
Project("{9A19103F-16F7-4668-BE54-9A1E7A4F7556}") = "ksqlDb.RestApi.Client.ProtoBuf", "ksqlDb.RestApi.Client.ProtoBuf\ksqlDb.RestApi.Client.ProtoBuf.csproj", "{304FA9F7-9B0F-49FD-8CB5-B3286C1F988E}"
EndProject
Project("{9A19103F-16F7-4668-BE54-9A1E7A4F7556}") = "ksqlDb.RestApi.Client.ProtoBuf.Tests", "Tests\ksqlDb.RestApi.Client.ProtoBuf.Tests\ksqlDb.RestApi.Client.ProtoBuf.Tests.csproj", "{7462D56C-A4AA-4347-BE2A-A6B0F84BE426}"
EndProject
Project("{2150E333-8FDC-42A3-9474-1A3956D46DE8}") = "Docs", "Docs", "{0ABA2B0A-0F52-4B0F-8827-E5DB845BB27C}"
	ProjectSection(SolutionItems) = preProject
		docs\aggregations.md = docs\aggregations.md
		docs\breaking_changes.md = docs\breaking_changes.md
		docs\cdc.md = docs\cdc.md
		docs\config.md = docs\config.md
		docs\data_definitions.md = docs\data_definitions.md
		docs\data_types.md = docs\data_types.md
		docusaurus.config.js = docusaurus.config.js
		docs\functions.md = docs\functions.md
		docs\joins.md = docs\joins.md
		docs\ksqldbcontext.md = docs\ksqldbcontext.md
		docs\operators.md = docs\operators.md
		docs\protobuf.md = docs\protobuf.md
		docs\pull_queries.md = docs\pull_queries.md
		docs\push_queries.md = docs\push_queries.md
		docs\statements.md = docs\statements.md
		docs\streams_and_tables.md = docs\streams_and_tables.md
		docs\stream_processing.md = docs\stream_processing.md
	EndProjectSection
EndProject
Project("{9A19103F-16F7-4668-BE54-9A1E7A4F7556}") = "Avro.Samples", "Samples\Avro\Avro.Samples.csproj", "{511E9B8A-7706-4D43-8DCC-32A54F66AF8E}"
EndProject
Project("{9A19103F-16F7-4668-BE54-9A1E7A4F7556}") = "Aggregations", "Samples\Aggregations\Aggregations.csproj", "{6BCBECD0-848D-4718-8E94-221A84EE97E4}"
EndProject
Project("{9A19103F-16F7-4668-BE54-9A1E7A4F7556}") = "Joins", "Samples\Joins\Joins.csproj", "{5B16F521-F976-45D6-9749-461A2255D94F}"
EndProject
Project("{9A19103F-16F7-4668-BE54-9A1E7A4F7556}") = "Statements", "Samples\Statements\Statements.csproj", "{3D80A56D-EF62-473D-94F3-5391E4D6E9A4}"
EndProject
Project("{9A19103F-16F7-4668-BE54-9A1E7A4F7556}") = "DataTypes", "Samples\DataTypes\DataTypes.csproj", "{CA0416C7-5534-4DB2-A560-6FBD65337643}"
EndProject
Project("{9A19103F-16F7-4668-BE54-9A1E7A4F7556}") = "ksqlDB.RestApi.Client.WorkerService", "Samples\ksqldB.RestApi.Client.WorkerService\ksqlDB.RestApi.Client.WorkerService\ksqlDB.RestApi.Client.WorkerService.csproj", "{EDEBF0B8-1A4B-4092-A5D4-E8103DC1527F}"
EndProject
Project("{2150E333-8FDC-42A3-9474-1A3956D46DE8}") = "GitWorkflows", "GitWorkflows", "{5D9DDA2E-69B0-44D1-A125-95DDC79E2D2B}"
	ProjectSection(SolutionItems) = preProject
		.github\workflows\deploy.yml = .github\workflows\deploy.yml
		.github\workflows\dotnetblazor.yml = .github\workflows\dotnetblazor.yml
		.github\workflows\dotnetcore.yml = .github\workflows\dotnetcore.yml
		.github\workflows\test-deploy.yml = .github\workflows\test-deploy.yml
	EndProjectSection
EndProject
Global
	GlobalSection(SolutionConfigurationPlatforms) = preSolution
		Debug|Any CPU = Debug|Any CPU
		Release|Any CPU = Release|Any CPU
	EndGlobalSection
	GlobalSection(ProjectConfigurationPlatforms) = postSolution
		{84C054D6-BAA2-44BE-AD3B-2FB2805E4305}.Debug|Any CPU.ActiveCfg = Debug|Any CPU
		{84C054D6-BAA2-44BE-AD3B-2FB2805E4305}.Debug|Any CPU.Build.0 = Debug|Any CPU
		{84C054D6-BAA2-44BE-AD3B-2FB2805E4305}.Release|Any CPU.ActiveCfg = Release|Any CPU
		{84C054D6-BAA2-44BE-AD3B-2FB2805E4305}.Release|Any CPU.Build.0 = Release|Any CPU
		{ED404C96-CAAA-4CAC-ACDE-F3E0D48FB2E3}.Debug|Any CPU.ActiveCfg = Debug|Any CPU
		{ED404C96-CAAA-4CAC-ACDE-F3E0D48FB2E3}.Debug|Any CPU.Build.0 = Debug|Any CPU
		{ED404C96-CAAA-4CAC-ACDE-F3E0D48FB2E3}.Release|Any CPU.ActiveCfg = Release|Any CPU
		{ED404C96-CAAA-4CAC-ACDE-F3E0D48FB2E3}.Release|Any CPU.Build.0 = Release|Any CPU
		{1B81259E-59F0-48E1-ACD3-A3DCFCCC5B3E}.Debug|Any CPU.ActiveCfg = Debug|Any CPU
		{1B81259E-59F0-48E1-ACD3-A3DCFCCC5B3E}.Debug|Any CPU.Build.0 = Debug|Any CPU
		{1B81259E-59F0-48E1-ACD3-A3DCFCCC5B3E}.Release|Any CPU.ActiveCfg = Release|Any CPU
		{1B81259E-59F0-48E1-ACD3-A3DCFCCC5B3E}.Release|Any CPU.Build.0 = Release|Any CPU
		{EE55516C-160D-4715-ADC6-3E76DE3D89E9}.Debug|Any CPU.ActiveCfg = Debug|Any CPU
		{EE55516C-160D-4715-ADC6-3E76DE3D89E9}.Debug|Any CPU.Build.0 = Debug|Any CPU
		{EE55516C-160D-4715-ADC6-3E76DE3D89E9}.Release|Any CPU.ActiveCfg = Release|Any CPU
		{EE55516C-160D-4715-ADC6-3E76DE3D89E9}.Release|Any CPU.Build.0 = Release|Any CPU
		{9AD222F8-4535-4297-A4F8-9F40FFA8A133}.Debug|Any CPU.ActiveCfg = Debug|Any CPU
		{9AD222F8-4535-4297-A4F8-9F40FFA8A133}.Debug|Any CPU.Build.0 = Debug|Any CPU
		{9AD222F8-4535-4297-A4F8-9F40FFA8A133}.Release|Any CPU.ActiveCfg = Release|Any CPU
		{9AD222F8-4535-4297-A4F8-9F40FFA8A133}.Release|Any CPU.Build.0 = Release|Any CPU
		{304FA9F7-9B0F-49FD-8CB5-B3286C1F988E}.Debug|Any CPU.ActiveCfg = Debug|Any CPU
		{304FA9F7-9B0F-49FD-8CB5-B3286C1F988E}.Debug|Any CPU.Build.0 = Debug|Any CPU
		{304FA9F7-9B0F-49FD-8CB5-B3286C1F988E}.Release|Any CPU.ActiveCfg = Release|Any CPU
		{304FA9F7-9B0F-49FD-8CB5-B3286C1F988E}.Release|Any CPU.Build.0 = Release|Any CPU
		{7462D56C-A4AA-4347-BE2A-A6B0F84BE426}.Debug|Any CPU.ActiveCfg = Debug|Any CPU
		{7462D56C-A4AA-4347-BE2A-A6B0F84BE426}.Debug|Any CPU.Build.0 = Debug|Any CPU
		{7462D56C-A4AA-4347-BE2A-A6B0F84BE426}.Release|Any CPU.ActiveCfg = Release|Any CPU
		{7462D56C-A4AA-4347-BE2A-A6B0F84BE426}.Release|Any CPU.Build.0 = Release|Any CPU
		{511E9B8A-7706-4D43-8DCC-32A54F66AF8E}.Debug|Any CPU.ActiveCfg = Debug|Any CPU
		{511E9B8A-7706-4D43-8DCC-32A54F66AF8E}.Debug|Any CPU.Build.0 = Debug|Any CPU
		{511E9B8A-7706-4D43-8DCC-32A54F66AF8E}.Release|Any CPU.ActiveCfg = Release|Any CPU
		{511E9B8A-7706-4D43-8DCC-32A54F66AF8E}.Release|Any CPU.Build.0 = Release|Any CPU
		{6BCBECD0-848D-4718-8E94-221A84EE97E4}.Debug|Any CPU.ActiveCfg = Debug|Any CPU
		{6BCBECD0-848D-4718-8E94-221A84EE97E4}.Debug|Any CPU.Build.0 = Debug|Any CPU
		{6BCBECD0-848D-4718-8E94-221A84EE97E4}.Release|Any CPU.ActiveCfg = Release|Any CPU
		{6BCBECD0-848D-4718-8E94-221A84EE97E4}.Release|Any CPU.Build.0 = Release|Any CPU
		{5B16F521-F976-45D6-9749-461A2255D94F}.Debug|Any CPU.ActiveCfg = Debug|Any CPU
		{5B16F521-F976-45D6-9749-461A2255D94F}.Debug|Any CPU.Build.0 = Debug|Any CPU
		{5B16F521-F976-45D6-9749-461A2255D94F}.Release|Any CPU.ActiveCfg = Release|Any CPU
		{5B16F521-F976-45D6-9749-461A2255D94F}.Release|Any CPU.Build.0 = Release|Any CPU
		{3D80A56D-EF62-473D-94F3-5391E4D6E9A4}.Debug|Any CPU.ActiveCfg = Debug|Any CPU
		{3D80A56D-EF62-473D-94F3-5391E4D6E9A4}.Debug|Any CPU.Build.0 = Debug|Any CPU
		{3D80A56D-EF62-473D-94F3-5391E4D6E9A4}.Release|Any CPU.ActiveCfg = Release|Any CPU
		{3D80A56D-EF62-473D-94F3-5391E4D6E9A4}.Release|Any CPU.Build.0 = Release|Any CPU
		{CA0416C7-5534-4DB2-A560-6FBD65337643}.Debug|Any CPU.ActiveCfg = Debug|Any CPU
		{CA0416C7-5534-4DB2-A560-6FBD65337643}.Debug|Any CPU.Build.0 = Debug|Any CPU
		{CA0416C7-5534-4DB2-A560-6FBD65337643}.Release|Any CPU.ActiveCfg = Release|Any CPU
		{CA0416C7-5534-4DB2-A560-6FBD65337643}.Release|Any CPU.Build.0 = Release|Any CPU
		{EDEBF0B8-1A4B-4092-A5D4-E8103DC1527F}.Debug|Any CPU.ActiveCfg = Debug|Any CPU
		{EDEBF0B8-1A4B-4092-A5D4-E8103DC1527F}.Debug|Any CPU.Build.0 = Debug|Any CPU
		{EDEBF0B8-1A4B-4092-A5D4-E8103DC1527F}.Release|Any CPU.ActiveCfg = Release|Any CPU
		{EDEBF0B8-1A4B-4092-A5D4-E8103DC1527F}.Release|Any CPU.Build.0 = Release|Any CPU
	EndGlobalSection
	GlobalSection(SolutionProperties) = preSolution
		HideSolutionNode = FALSE
	EndGlobalSection
	GlobalSection(NestedProjects) = preSolution
		{ED404C96-CAAA-4CAC-ACDE-F3E0D48FB2E3} = {08E77D02-0DE4-49A5-ACAB-B6DF7E56D405}
		{1B81259E-59F0-48E1-ACD3-A3DCFCCC5B3E} = {08E77D02-0DE4-49A5-ACAB-B6DF7E56D405}
		{EE55516C-160D-4715-ADC6-3E76DE3D89E9} = {08E77D02-0DE4-49A5-ACAB-B6DF7E56D405}
		{9AD222F8-4535-4297-A4F8-9F40FFA8A133} = {AA5681E8-1682-47E9-9159-4AE95A92E694}
		{7462D56C-A4AA-4347-BE2A-A6B0F84BE426} = {08E77D02-0DE4-49A5-ACAB-B6DF7E56D405}
		{0ABA2B0A-0F52-4B0F-8827-E5DB845BB27C} = {999C8EEC-CCFA-4183-805A-1804367D8F75}
		{511E9B8A-7706-4D43-8DCC-32A54F66AF8E} = {AA5681E8-1682-47E9-9159-4AE95A92E694}
		{6BCBECD0-848D-4718-8E94-221A84EE97E4} = {AA5681E8-1682-47E9-9159-4AE95A92E694}
		{5B16F521-F976-45D6-9749-461A2255D94F} = {AA5681E8-1682-47E9-9159-4AE95A92E694}
		{3D80A56D-EF62-473D-94F3-5391E4D6E9A4} = {AA5681E8-1682-47E9-9159-4AE95A92E694}
		{CA0416C7-5534-4DB2-A560-6FBD65337643} = {AA5681E8-1682-47E9-9159-4AE95A92E694}
		{EDEBF0B8-1A4B-4092-A5D4-E8103DC1527F} = {AA5681E8-1682-47E9-9159-4AE95A92E694}
		{5D9DDA2E-69B0-44D1-A125-95DDC79E2D2B} = {999C8EEC-CCFA-4183-805A-1804367D8F75}
	EndGlobalSection
	GlobalSection(ExtensibilityGlobals) = postSolution
		SolutionGuid = {08C8585D-5006-4484-AC12-72B1F42058D7}
	EndGlobalSection
EndGlobal
